
Microsoft Visual Studio Solution File, Format Version 12.00
# Visual Studio Version 16
VisualStudioVersion = 16.0.32602.291
MinimumVisualStudioVersion = 10.0.40219.1
Project("{FAE04EC0-301F-11D3-BF4B-00C04F79EFBC}") = "magaz", "magaz\magaz.csproj", "{59A03833-59BC-47CC-8110-FD1D6F9AF0E7}"
EndProject
Global
	GlobalSection(SolutionConfigurationPlatforms) = preSolution
		Debug|Any CPU = Debug|Any CPU
		Release|Any CPU = Release|Any CPU
	EndGlobalSection
	GlobalSection(ProjectConfigurationPlatforms) = postSolution
		{59A03833-59BC-47CC-8110-FD1D6F9AF0E7}.Debug|Any CPU.ActiveCfg = Debug|Any CPU
		{59A03833-59BC-47CC-8110-FD1D6F9AF0E7}.Debug|Any CPU.Build.0 = Debug|Any CPU
		{59A03833-59BC-47CC-8110-FD1D6F9AF0E7}.Release|Any CPU.ActiveCfg = Release|Any CPU
		{59A03833-59BC-47CC-8110-FD1D6F9AF0E7}.Release|Any CPU.Build.0 = Release|Any CPU
	EndGlobalSection
	GlobalSection(SolutionProperties) = preSolution
		HideSolutionNode = FALSE
	EndGlobalSection
	GlobalSection(ExtensibilityGlobals) = postSolution
		SolutionGuid = {E2B73CEE-A799-4C97-A54B-829FEF040C88}
	EndGlobalSection
EndGlobal
